
Microsoft Visual Studio Solution File, Format Version 12.00
# Visual Studio Version 16
VisualStudioVersion = 16.0.29709.97
MinimumVisualStudioVersion = 10.0.40219.1
Project("{FAE04EC0-301F-11D3-BF4B-00C04F79EFBC}") = "ProjectTeam09StudentDirectory", "ProjectTeam09\ProjectTeam09StudentDirectory.csproj", "{B4E8D066-66A2-424A-9B68-3A8F723C416A}"
EndProject
Global
	GlobalSection(SolutionConfigurationPlatforms) = preSolution
		Debug|Any CPU = Debug|Any CPU
		Release|Any CPU = Release|Any CPU
	EndGlobalSection
	GlobalSection(ProjectConfigurationPlatforms) = postSolution
		{B4E8D066-66A2-424A-9B68-3A8F723C416A}.Debug|Any CPU.ActiveCfg = Debug|Any CPU
		{B4E8D066-66A2-424A-9B68-3A8F723C416A}.Debug|Any CPU.Build.0 = Debug|Any CPU
		{B4E8D066-66A2-424A-9B68-3A8F723C416A}.Release|Any CPU.ActiveCfg = Release|Any CPU
		{B4E8D066-66A2-424A-9B68-3A8F723C416A}.Release|Any CPU.Build.0 = Release|Any CPU
	EndGlobalSection
	GlobalSection(SolutionProperties) = preSolution
		HideSolutionNode = FALSE
	EndGlobalSection
	GlobalSection(ExtensibilityGlobals) = postSolution
		SolutionGuid = {6D35D386-E679-4338-88A6-6747B7943357}
	EndGlobalSection
EndGlobal
